
Microsoft Visual Studio Solution File, Format Version 12.00
# Visual Studio Version 17
VisualStudioVersion = 17.5.33502.453
MinimumVisualStudioVersion = 10.0.40219.1
Project("{9A19103F-16F7-4668-BE54-9A1E7A4F7556}") = "CarRental.API", "Car Rental\CarRental.API.csproj", "{411AA75A-9844-4C18-9EDE-2E0ED78B7159}"
EndProject
Project("{FAE04EC0-301F-11D3-BF4B-00C04F79EFBC}") = "CarRental.BL", "CarRental.BL\CarRental.BL.csproj", "{21C1123E-E341-4B18-80BA-F61720523FAE}"
EndProject
Project("{FAE04EC0-301F-11D3-BF4B-00C04F79EFBC}") = "CarRental.Common", "CarRental.Common\CarRental.Common.csproj", "{4A96A270-3E2D-422F-BC5B-40E924E96809}"
EndProject
Project("{FAE04EC0-301F-11D3-BF4B-00C04F79EFBC}") = "CarRental.Test", "CarRental.test\CarRental.Test.csproj", "{A09C5A60-7792-4C28-B4B4-354F3EB9C2AA}"
EndProject
Project("{FAE04EC0-301F-11D3-BF4B-00C04F79EFBC}") = "CarRental.DAL", "CarRental.DAL\CarRental.DAL.csproj", "{A92BDCE6-02B8-4F63-8B73-526FB69398CE}"
EndProject
Global
	GlobalSection(SolutionConfigurationPlatforms) = preSolution
		Debug|Any CPU = Debug|Any CPU
		Release|Any CPU = Release|Any CPU
	EndGlobalSection
	GlobalSection(ProjectConfigurationPlatforms) = postSolution
		{411AA75A-9844-4C18-9EDE-2E0ED78B7159}.Debug|Any CPU.ActiveCfg = Debug|Any CPU
		{411AA75A-9844-4C18-9EDE-2E0ED78B7159}.Debug|Any CPU.Build.0 = Debug|Any CPU
		{411AA75A-9844-4C18-9EDE-2E0ED78B7159}.Release|Any CPU.ActiveCfg = Release|Any CPU
		{411AA75A-9844-4C18-9EDE-2E0ED78B7159}.Release|Any CPU.Build.0 = Release|Any CPU
		{21C1123E-E341-4B18-80BA-F61720523FAE}.Debug|Any CPU.ActiveCfg = Debug|Any CPU
		{21C1123E-E341-4B18-80BA-F61720523FAE}.Debug|Any CPU.Build.0 = Debug|Any CPU
		{21C1123E-E341-4B18-80BA-F61720523FAE}.Release|Any CPU.ActiveCfg = Release|Any CPU
		{21C1123E-E341-4B18-80BA-F61720523FAE}.Release|Any CPU.Build.0 = Release|Any CPU
		{4A96A270-3E2D-422F-BC5B-40E924E96809}.Debug|Any CPU.ActiveCfg = Debug|Any CPU
		{4A96A270-3E2D-422F-BC5B-40E924E96809}.Debug|Any CPU.Build.0 = Debug|Any CPU
		{4A96A270-3E2D-422F-BC5B-40E924E96809}.Release|Any CPU.ActiveCfg = Release|Any CPU
		{4A96A270-3E2D-422F-BC5B-40E924E96809}.Release|Any CPU.Build.0 = Release|Any CPU
		{A09C5A60-7792-4C28-B4B4-354F3EB9C2AA}.Debug|Any CPU.ActiveCfg = Debug|Any CPU
		{A09C5A60-7792-4C28-B4B4-354F3EB9C2AA}.Debug|Any CPU.Build.0 = Debug|Any CPU
		{A09C5A60-7792-4C28-B4B4-354F3EB9C2AA}.Release|Any CPU.ActiveCfg = Release|Any CPU
		{A09C5A60-7792-4C28-B4B4-354F3EB9C2AA}.Release|Any CPU.Build.0 = Release|Any CPU
		{A92BDCE6-02B8-4F63-8B73-526FB69398CE}.Debug|Any CPU.ActiveCfg = Debug|Any CPU
		{A92BDCE6-02B8-4F63-8B73-526FB69398CE}.Debug|Any CPU.Build.0 = Debug|Any CPU
		{A92BDCE6-02B8-4F63-8B73-526FB69398CE}.Release|Any CPU.ActiveCfg = Release|Any CPU
		{A92BDCE6-02B8-4F63-8B73-526FB69398CE}.Release|Any CPU.Build.0 = Release|Any CPU
	EndGlobalSection
	GlobalSection(SolutionProperties) = preSolution
		HideSolutionNode = FALSE
	EndGlobalSection
	GlobalSection(ExtensibilityGlobals) = postSolution
		SolutionGuid = {CB16F26E-B665-4851-9119-9335D2FA66CC}
	EndGlobalSection
EndGlobal
